
Microsoft Visual Studio Solution File, Format Version 12.00
# Visual Studio Version 17
VisualStudioVersion = 17.4.33205.214
MinimumVisualStudioVersion = 10.0.40219.1
Project("{FAE04EC0-301F-11D3-BF4B-00C04F79EFBC}") = "DictionaryExample", "DictionaryExample\DictionaryExample.csproj", "{655B04C1-D528-4E6B-8897-C74E3631176A}"
EndProject
Global
	GlobalSection(SolutionConfigurationPlatforms) = preSolution
		Debug|Any CPU = Debug|Any CPU
		Release|Any CPU = Release|Any CPU
	EndGlobalSection
	GlobalSection(ProjectConfigurationPlatforms) = postSolution
		{655B04C1-D528-4E6B-8897-C74E3631176A}.Debug|Any CPU.ActiveCfg = Debug|Any CPU
		{655B04C1-D528-4E6B-8897-C74E3631176A}.Debug|Any CPU.Build.0 = Debug|Any CPU
		{655B04C1-D528-4E6B-8897-C74E3631176A}.Release|Any CPU.ActiveCfg = Release|Any CPU
		{655B04C1-D528-4E6B-8897-C74E3631176A}.Release|Any CPU.Build.0 = Release|Any CPU
	EndGlobalSection
	GlobalSection(SolutionProperties) = preSolution
		HideSolutionNode = FALSE
	EndGlobalSection
	GlobalSection(ExtensibilityGlobals) = postSolution
		SolutionGuid = {A4DDE528-63AB-4698-8767-EA4A155082F2}
	EndGlobalSection
EndGlobal
